// !$*UTF8*$!
{
	archiveVersion = 1;
	classes = {
	};
	objectVersion = 56;
	objects = {

/* Begin PBXBuildFile section */
		A10000010000000000000001 /* DinkoApp.swift in Sources */ = {isa = PBXBuildFile; fileRef = A20000010000000000000001 /* DinkoApp.swift */; };
		A10000010000000000000002 /* ContentView.swift in Sources */ = {isa = PBXBuildFile; fileRef = A20000010000000000000002 /* ContentView.swift */; };
		A10000010000000000000003 /* Assets.xcassets in Resources */ = {isa = PBXBuildFile; fileRef = A20000010000000000000003 /* Assets.xcassets */; };
		A10000010000000000000004 /* Preview Assets.xcassets in Resources */ = {isa = PBXBuildFile; fileRef = A20000010000000000000004 /* Preview Assets.xcassets */; };
		A10000010000000000000010 /* DinkoTests.swift in Sources */ = {isa = PBXBuildFile; fileRef = A20000010000000000000010 /* DinkoTests.swift */; };
		A10000010000000000000020 /* DinkoUITests.swift in Sources */ = {isa = PBXBuildFile; fileRef = A20000010000000000000020 /* DinkoUITests.swift */; };
		A10000010000000000000021 /* DinkoUITestsLaunchTests.swift in Sources */ = {isa = PBXBuildFile; fileRef = A20000010000000000000021 /* DinkoUITestsLaunchTests.swift */; };
		B10000010000000000000001 /* Color+Hex.swift in Sources */ = {isa = PBXBuildFile; fileRef = B20000010000000000000001 /* Color+Hex.swift */; };
		B10000010000000000000002 /* Colors.swift in Sources */ = {isa = PBXBuildFile; fileRef = B20000010000000000000002 /* Colors.swift */; };
		B10000010000000000000003 /* Typography.swift in Sources */ = {isa = PBXBuildFile; fileRef = B20000010000000000000003 /* Typography.swift */; };
		B10000010000000000000004 /* Spacing.swift in Sources */ = {isa = PBXBuildFile; fileRef = B20000010000000000000004 /* Spacing.swift */; };
		B10000010000000000000005 /* PreviewData.swift in Sources */ = {isa = PBXBuildFile; fileRef = B20000010000000000000005 /* PreviewData.swift */; };
		B10000010000000000000006 /* ProgressBar.swift in Sources */ = {isa = PBXBuildFile; fileRef = B20000010000000000000006 /* ProgressBar.swift */; };
		B10000010000000000000007 /* RatingBadge.swift in Sources */ = {isa = PBXBuildFile; fileRef = B20000010000000000000007 /* RatingBadge.swift */; };
		B10000010000000000000008 /* SparklineChart.swift in Sources */ = {isa = PBXBuildFile; fileRef = B20000010000000000000008 /* SparklineChart.swift */; };
		B10000010000000000000009 /* CheckerItem.swift in Sources */ = {isa = PBXBuildFile; fileRef = B20000010000000000000009 /* CheckerItem.swift */; };
		B1000001000000000000000A /* AchievementBadge.swift in Sources */ = {isa = PBXBuildFile; fileRef = B2000001000000000000000A /* AchievementBadge.swift */; };
		B1000001000000000000000B /* MotivationalBanner.swift in Sources */ = {isa = PBXBuildFile; fileRef = B2000001000000000000000B /* MotivationalBanner.swift */; };
		B1000001000000000000000C /* SkillCard.swift in Sources */ = {isa = PBXBuildFile; fileRef = B2000001000000000000000C /* SkillCard.swift */; };
		C10000010000000000000001 /* Skill.swift in Sources */ = {isa = PBXBuildFile; fileRef = C20000010000000000000001 /* Skill.swift */; };
		C10000010000000000000002 /* ProgressChecker.swift in Sources */ = {isa = PBXBuildFile; fileRef = C20000010000000000000002 /* ProgressChecker.swift */; };
		C10000010000000000000003 /* SkillRating.swift in Sources */ = {isa = PBXBuildFile; fileRef = C20000010000000000000003 /* SkillRating.swift */; };
		C10000010000000000000004 /* Session.swift in Sources */ = {isa = PBXBuildFile; fileRef = C20000010000000000000004 /* Session.swift */; };
		C10000010000000000000005 /* SkillCategory.swift in Sources */ = {isa = PBXBuildFile; fileRef = C20000010000000000000005 /* SkillCategory.swift */; };
		C10000010000000000000006 /* SkillStatus.swift in Sources */ = {isa = PBXBuildFile; fileRef = C20000010000000000000006 /* SkillStatus.swift */; };
		C10000010000000000000007 /* Dinko.xcdatamodeld in Sources */ = {isa = PBXBuildFile; fileRef = C20000010000000000000007 /* Dinko.xcdatamodeld */; };
		C10000010000000000000008 /* SkillEntity+Ext.swift in Sources */ = {isa = PBXBuildFile; fileRef = C20000010000000000000008 /* SkillEntity+Ext.swift */; };
		C10000010000000000000009 /* ProgressCheckerEntity+Ext.swift in Sources */ = {isa = PBXBuildFile; fileRef = C20000010000000000000009 /* ProgressCheckerEntity+Ext.swift */; };
		C1000001000000000000000A /* SkillRatingEntity+Ext.swift in Sources */ = {isa = PBXBuildFile; fileRef = C2000001000000000000000A /* SkillRatingEntity+Ext.swift */; };
		C1000001000000000000000B /* SessionEntity+Ext.swift in Sources */ = {isa = PBXBuildFile; fileRef = C2000001000000000000000B /* SessionEntity+Ext.swift */; };
		C1000001000000000000000C /* SkillRepository.swift in Sources */ = {isa = PBXBuildFile; fileRef = C2000001000000000000000C /* SkillRepository.swift */; };
		C1000001000000000000000D /* ProgressCheckerRepository.swift in Sources */ = {isa = PBXBuildFile; fileRef = C2000001000000000000000D /* ProgressCheckerRepository.swift */; };
		C1000001000000000000000E /* SkillRatingRepository.swift in Sources */ = {isa = PBXBuildFile; fileRef = C2000001000000000000000E /* SkillRatingRepository.swift */; };
		C1000001000000000000000F /* SessionRepository.swift in Sources */ = {isa = PBXBuildFile; fileRef = C2000001000000000000000F /* SessionRepository.swift */; };
		D10000010000000000000001 /* Persistence.swift in Sources */ = {isa = PBXBuildFile; fileRef = D20000010000000000000001 /* Persistence.swift */; };
		D10000010000000000000002 /* SkillRepositoryImpl.swift in Sources */ = {isa = PBXBuildFile; fileRef = D20000010000000000000002 /* SkillRepositoryImpl.swift */; };
		D10000010000000000000003 /* ProgressCheckerRepositoryImpl.swift in Sources */ = {isa = PBXBuildFile; fileRef = D20000010000000000000003 /* ProgressCheckerRepositoryImpl.swift */; };
		D10000010000000000000004 /* SkillRatingRepositoryImpl.swift in Sources */ = {isa = PBXBuildFile; fileRef = D20000010000000000000004 /* SkillRatingRepositoryImpl.swift */; };
		D10000010000000000000005 /* SessionRepositoryImpl.swift in Sources */ = {isa = PBXBuildFile; fileRef = D20000010000000000000005 /* SessionRepositoryImpl.swift */; };
		D10000010000000000000006 /* DependencyContainer.swift in Sources */ = {isa = PBXBuildFile; fileRef = D20000010000000000000006 /* DependencyContainer.swift */; };
		D10000010000000000000010 /* SkillRepositoryTests.swift in Sources */ = {isa = PBXBuildFile; fileRef = D20000010000000000000010 /* SkillRepositoryTests.swift */; };
		D10000010000000000000011 /* ProgressCheckerRepositoryTests.swift in Sources */ = {isa = PBXBuildFile; fileRef = D20000010000000000000011 /* ProgressCheckerRepositoryTests.swift */; };
		E10000010000000000000001 /* SkillListViewModel.swift in Sources */ = {isa = PBXBuildFile; fileRef = E20000010000000000000001 /* SkillListViewModel.swift */; };
		E10000010000000000000002 /* SkillListView.swift in Sources */ = {isa = PBXBuildFile; fileRef = E20000010000000000000002 /* SkillListView.swift */; };
		F10000010000000000000001 /* SkillDetailViewModel.swift in Sources */ = {isa = PBXBuildFile; fileRef = F20000010000000000000001 /* SkillDetailViewModel.swift */; };
		F10000010000000000000002 /* SkillDetailView.swift in Sources */ = {isa = PBXBuildFile; fileRef = F20000010000000000000002 /* SkillDetailView.swift */; };
		G10000010000000000000001 /* AddEditSkillViewModel.swift in Sources */ = {isa = PBXBuildFile; fileRef = G20000010000000000000001 /* AddEditSkillViewModel.swift */; };
		G10000010000000000000002 /* AddEditSkillView.swift in Sources */ = {isa = PBXBuildFile; fileRef = G20000010000000000000002 /* AddEditSkillView.swift */; };
		H10000010000000000000001 /* RateSkillView.swift in Sources */ = {isa = PBXBuildFile; fileRef = H20000010000000000000001 /* RateSkillView.swift */; };
		I10000010000000000000001 /* SkillTier.swift in Sources */ = {isa = PBXBuildFile; fileRef = I20000010000000000000001 /* SkillTier.swift */; };
/* End PBXBuildFile section */

/* Begin PBXContainerItemProxy section */
		A30000010000000000000001 /* PBXContainerItemProxy */ = {
			isa = PBXContainerItemProxy;
			containerPortal = A50000010000000000000001 /* Project object */;
			proxyType = 1;
			remoteGlobalIDString = A40000010000000000000001;
			remoteInfo = Dinko;
		};
		A30000010000000000000002 /* PBXContainerItemProxy */ = {
			isa = PBXContainerItemProxy;
			containerPortal = A50000010000000000000001 /* Project object */;
			proxyType = 1;
			remoteGlobalIDString = A40000010000000000000001;
			remoteInfo = Dinko;
		};
/* End PBXContainerItemProxy section */

/* Begin PBXFileReference section */
		A20000010000000000000001 /* DinkoApp.swift */ = {isa = PBXFileReference; lastKnownFileType = sourcecode.swift; path = DinkoApp.swift; sourceTree = "<group>"; };
		A20000010000000000000002 /* ContentView.swift */ = {isa = PBXFileReference; lastKnownFileType = sourcecode.swift; path = ContentView.swift; sourceTree = "<group>"; };
		A20000010000000000000003 /* Assets.xcassets */ = {isa = PBXFileReference; lastKnownFileType = folder.assetcatalog; path = Assets.xcassets; sourceTree = "<group>"; };
		A20000010000000000000004 /* Preview Assets.xcassets */ = {isa = PBXFileReference; lastKnownFileType = folder.assetcatalog; path = "Preview Assets.xcassets"; sourceTree = "<group>"; };
		A20000010000000000000005 /* Dinko.app */ = {isa = PBXFileReference; explicitFileType = wrapper.application; includeInIndex = 0; path = Dinko.app; sourceTree = BUILT_PRODUCTS_DIR; };
		A20000010000000000000010 /* DinkoTests.swift */ = {isa = PBXFileReference; lastKnownFileType = sourcecode.swift; path = DinkoTests.swift; sourceTree = "<group>"; };
		A20000010000000000000011 /* DinkoTests.xctest */ = {isa = PBXFileReference; explicitFileType = wrapper.cfbundle; includeInIndex = 0; path = DinkoTests.xctest; sourceTree = BUILT_PRODUCTS_DIR; };
		A20000010000000000000020 /* DinkoUITests.swift */ = {isa = PBXFileReference; lastKnownFileType = sourcecode.swift; path = DinkoUITests.swift; sourceTree = "<group>"; };
		A20000010000000000000021 /* DinkoUITestsLaunchTests.swift */ = {isa = PBXFileReference; lastKnownFileType = sourcecode.swift; path = DinkoUITestsLaunchTests.swift; sourceTree = "<group>"; };
		A20000010000000000000022 /* DinkoUITests.xctest */ = {isa = PBXFileReference; explicitFileType = wrapper.cfbundle; includeInIndex = 0; path = DinkoUITests.xctest; sourceTree = BUILT_PRODUCTS_DIR; };
		B20000010000000000000001 /* Color+Hex.swift */ = {isa = PBXFileReference; lastKnownFileType = sourcecode.swift; path = "Color+Hex.swift"; sourceTree = "<group>"; };
		B20000010000000000000002 /* Colors.swift */ = {isa = PBXFileReference; lastKnownFileType = sourcecode.swift; path = Colors.swift; sourceTree = "<group>"; };
		B20000010000000000000003 /* Typography.swift */ = {isa = PBXFileReference; lastKnownFileType = sourcecode.swift; path = Typography.swift; sourceTree = "<group>"; };
		B20000010000000000000004 /* Spacing.swift */ = {isa = PBXFileReference; lastKnownFileType = sourcecode.swift; path = Spacing.swift; sourceTree = "<group>"; };
		B20000010000000000000005 /* PreviewData.swift */ = {isa = PBXFileReference; lastKnownFileType = sourcecode.swift; path = PreviewData.swift; sourceTree = "<group>"; };
		B20000010000000000000006 /* ProgressBar.swift */ = {isa = PBXFileReference; lastKnownFileType = sourcecode.swift; path = ProgressBar.swift; sourceTree = "<group>"; };
		B20000010000000000000007 /* RatingBadge.swift */ = {isa = PBXFileReference; lastKnownFileType = sourcecode.swift; path = RatingBadge.swift; sourceTree = "<group>"; };
		B20000010000000000000008 /* SparklineChart.swift */ = {isa = PBXFileReference; lastKnownFileType = sourcecode.swift; path = SparklineChart.swift; sourceTree = "<group>"; };
		B20000010000000000000009 /* CheckerItem.swift */ = {isa = PBXFileReference; lastKnownFileType = sourcecode.swift; path = CheckerItem.swift; sourceTree = "<group>"; };
		B2000001000000000000000A /* AchievementBadge.swift */ = {isa = PBXFileReference; lastKnownFileType = sourcecode.swift; path = AchievementBadge.swift; sourceTree = "<group>"; };
		B2000001000000000000000B /* MotivationalBanner.swift */ = {isa = PBXFileReference; lastKnownFileType = sourcecode.swift; path = MotivationalBanner.swift; sourceTree = "<group>"; };
		B2000001000000000000000C /* SkillCard.swift */ = {isa = PBXFileReference; lastKnownFileType = sourcecode.swift; path = SkillCard.swift; sourceTree = "<group>"; };
		C20000010000000000000001 /* Skill.swift */ = {isa = PBXFileReference; lastKnownFileType = sourcecode.swift; path = Skill.swift; sourceTree = "<group>"; };
		C20000010000000000000002 /* ProgressChecker.swift */ = {isa = PBXFileReference; lastKnownFileType = sourcecode.swift; path = ProgressChecker.swift; sourceTree = "<group>"; };
		C20000010000000000000003 /* SkillRating.swift */ = {isa = PBXFileReference; lastKnownFileType = sourcecode.swift; path = SkillRating.swift; sourceTree = "<group>"; };
		C20000010000000000000004 /* Session.swift */ = {isa = PBXFileReference; lastKnownFileType = sourcecode.swift; path = Session.swift; sourceTree = "<group>"; };
		C20000010000000000000005 /* SkillCategory.swift */ = {isa = PBXFileReference; lastKnownFileType = sourcecode.swift; path = SkillCategory.swift; sourceTree = "<group>"; };
		C20000010000000000000006 /* SkillStatus.swift */ = {isa = PBXFileReference; lastKnownFileType = sourcecode.swift; path = SkillStatus.swift; sourceTree = "<group>"; };
		C20000010000000000000007 /* Dinko.xcdatamodeld */ = {isa = PBXFileReference; lastKnownFileType = wrapper.xcdatamodeld; path = Dinko.xcdatamodeld; sourceTree = "<group>"; };
		C20000010000000000000008 /* SkillEntity+Ext.swift */ = {isa = PBXFileReference; lastKnownFileType = sourcecode.swift; path = "SkillEntity+Ext.swift"; sourceTree = "<group>"; };
		C20000010000000000000009 /* ProgressCheckerEntity+Ext.swift */ = {isa = PBXFileReference; lastKnownFileType = sourcecode.swift; path = "ProgressCheckerEntity+Ext.swift"; sourceTree = "<group>"; };
		C2000001000000000000000A /* SkillRatingEntity+Ext.swift */ = {isa = PBXFileReference; lastKnownFileType = sourcecode.swift; path = "SkillRatingEntity+Ext.swift"; sourceTree = "<group>"; };
		C2000001000000000000000B /* SessionEntity+Ext.swift */ = {isa = PBXFileReference; lastKnownFileType = sourcecode.swift; path = "SessionEntity+Ext.swift"; sourceTree = "<group>"; };
		C2000001000000000000000C /* SkillRepository.swift */ = {isa = PBXFileReference; lastKnownFileType = sourcecode.swift; path = SkillRepository.swift; sourceTree = "<group>"; };
		C2000001000000000000000D /* ProgressCheckerRepository.swift */ = {isa = PBXFileReference; lastKnownFileType = sourcecode.swift; path = ProgressCheckerRepository.swift; sourceTree = "<group>"; };
		C2000001000000000000000E /* SkillRatingRepository.swift */ = {isa = PBXFileReference; lastKnownFileType = sourcecode.swift; path = SkillRatingRepository.swift; sourceTree = "<group>"; };
		C2000001000000000000000F /* SessionRepository.swift */ = {isa = PBXFileReference; lastKnownFileType = sourcecode.swift; path = SessionRepository.swift; sourceTree = "<group>"; };
		D20000010000000000000001 /* Persistence.swift */ = {isa = PBXFileReference; lastKnownFileType = sourcecode.swift; path = Persistence.swift; sourceTree = "<group>"; };
		D20000010000000000000002 /* SkillRepositoryImpl.swift */ = {isa = PBXFileReference; lastKnownFileType = sourcecode.swift; path = SkillRepositoryImpl.swift; sourceTree = "<group>"; };
		D20000010000000000000003 /* ProgressCheckerRepositoryImpl.swift */ = {isa = PBXFileReference; lastKnownFileType = sourcecode.swift; path = ProgressCheckerRepositoryImpl.swift; sourceTree = "<group>"; };
		D20000010000000000000004 /* SkillRatingRepositoryImpl.swift */ = {isa = PBXFileReference; lastKnownFileType = sourcecode.swift; path = SkillRatingRepositoryImpl.swift; sourceTree = "<group>"; };
		D20000010000000000000005 /* SessionRepositoryImpl.swift */ = {isa = PBXFileReference; lastKnownFileType = sourcecode.swift; path = SessionRepositoryImpl.swift; sourceTree = "<group>"; };
		D20000010000000000000006 /* DependencyContainer.swift */ = {isa = PBXFileReference; lastKnownFileType = sourcecode.swift; path = DependencyContainer.swift; sourceTree = "<group>"; };
		D20000010000000000000010 /* SkillRepositoryTests.swift */ = {isa = PBXFileReference; lastKnownFileType = sourcecode.swift; path = SkillRepositoryTests.swift; sourceTree = "<group>"; };
		D20000010000000000000011 /* ProgressCheckerRepositoryTests.swift */ = {isa = PBXFileReference; lastKnownFileType = sourcecode.swift; path = ProgressCheckerRepositoryTests.swift; sourceTree = "<group>"; };
		E20000010000000000000001 /* SkillListViewModel.swift */ = {isa = PBXFileReference; lastKnownFileType = sourcecode.swift; path = SkillListViewModel.swift; sourceTree = "<group>"; };
		E20000010000000000000002 /* SkillListView.swift */ = {isa = PBXFileReference; lastKnownFileType = sourcecode.swift; path = SkillListView.swift; sourceTree = "<group>"; };
		F20000010000000000000001 /* SkillDetailViewModel.swift */ = {isa = PBXFileReference; lastKnownFileType = sourcecode.swift; path = SkillDetailViewModel.swift; sourceTree = "<group>"; };
		F20000010000000000000002 /* SkillDetailView.swift */ = {isa = PBXFileReference; lastKnownFileType = sourcecode.swift; path = SkillDetailView.swift; sourceTree = "<group>"; };
		G20000010000000000000001 /* AddEditSkillViewModel.swift */ = {isa = PBXFileReference; lastKnownFileType = sourcecode.swift; path = AddEditSkillViewModel.swift; sourceTree = "<group>"; };
		G20000010000000000000002 /* AddEditSkillView.swift */ = {isa = PBXFileReference; lastKnownFileType = sourcecode.swift; path = AddEditSkillView.swift; sourceTree = "<group>"; };
		H20000010000000000000001 /* RateSkillView.swift */ = {isa = PBXFileReference; lastKnownFileType = sourcecode.swift; path = RateSkillView.swift; sourceTree = "<group>"; };
		I20000010000000000000001 /* SkillTier.swift */ = {isa = PBXFileReference; lastKnownFileType = sourcecode.swift; path = SkillTier.swift; sourceTree = "<group>"; };
/* End PBXFileReference section */

/* Begin PBXFrameworksBuildPhase section */
		A60000010000000000000001 /* Frameworks */ = {
			isa = PBXFrameworksBuildPhase;
			buildActionMask = 2147483647;
			files = (
			);
			runOnlyForDeploymentPostprocessing = 0;
		};
		A60000010000000000000002 /* Frameworks */ = {
			isa = PBXFrameworksBuildPhase;
			buildActionMask = 2147483647;
			files = (
			);
			runOnlyForDeploymentPostprocessing = 0;
		};
		A60000010000000000000003 /* Frameworks */ = {
			isa = PBXFrameworksBuildPhase;
			buildActionMask = 2147483647;
			files = (
			);
			runOnlyForDeploymentPostprocessing = 0;
		};
/* End PBXFrameworksBuildPhase section */

/* Begin PBXGroup section */
		A70000010000000000000001 /* Root */ = {
			isa = PBXGroup;
			children = (
				A70000010000000000000002 /* Dinko */,
				A70000010000000000000003 /* DinkoTests */,
				A70000010000000000000004 /* DinkoUITests */,
				A70000010000000000000005 /* Products */,
			);
			sourceTree = "<group>";
		};
		A70000010000000000000002 /* Dinko */ = {
			isa = PBXGroup;
			children = (
				A20000010000000000000001 /* DinkoApp.swift */,
				A70000010000000000000010 /* App */,
				A70000010000000000000020 /* Core */,
				A70000010000000000000050 /* Data */,
				A70000010000000000000070 /* Models */,
				A70000010000000000000080 /* Features */,
				A20000010000000000000003 /* Assets.xcassets */,
				A70000010000000000000006 /* Preview Content */,
			);
			path = Dinko;
			sourceTree = "<group>";
		};
		A70000010000000000000003 /* DinkoTests */ = {
			isa = PBXGroup;
			children = (
				A20000010000000000000010 /* DinkoTests.swift */,
				D20000010000000000000010 /* SkillRepositoryTests.swift */,
				D20000010000000000000011 /* ProgressCheckerRepositoryTests.swift */,
			);
			path = DinkoTests;
			sourceTree = "<group>";
		};
		A70000010000000000000004 /* DinkoUITests */ = {
			isa = PBXGroup;
			children = (
				A20000010000000000000020 /* DinkoUITests.swift */,
				A20000010000000000000021 /* DinkoUITestsLaunchTests.swift */,
			);
			path = DinkoUITests;
			sourceTree = "<group>";
		};
		A70000010000000000000005 /* Products */ = {
			isa = PBXGroup;
			children = (
				A20000010000000000000005 /* Dinko.app */,
				A20000010000000000000011 /* DinkoTests.xctest */,
				A20000010000000000000022 /* DinkoUITests.xctest */,
			);
			name = Products;
			sourceTree = "<group>";
		};
		A70000010000000000000006 /* Preview Content */ = {
			isa = PBXGroup;
			children = (
				A20000010000000000000004 /* Preview Assets.xcassets */,
			);
			path = "Preview Content";
			sourceTree = "<group>";
		};
		A70000010000000000000010 /* App */ = {
			isa = PBXGroup;
			children = (
				A20000010000000000000002 /* ContentView.swift */,
			);
			path = App;
			sourceTree = "<group>";
		};
		A70000010000000000000020 /* Core */ = {
			isa = PBXGroup;
			children = (
				A70000010000000000000030 /* DesignSystem */,
				A70000010000000000000031 /* Components */,
				A70000010000000000000032 /* Extensions */,
				A70000010000000000000033 /* Utilities */,
			);
			path = Core;
			sourceTree = "<group>";
		};
		A70000010000000000000030 /* DesignSystem */ = {
			isa = PBXGroup;
			children = (
				B20000010000000000000002 /* Colors.swift */,
				B20000010000000000000003 /* Typography.swift */,
				B20000010000000000000004 /* Spacing.swift */,
			);
			path = DesignSystem;
			sourceTree = "<group>";
		};
		A70000010000000000000031 /* Components */ = {
			isa = PBXGroup;
			children = (
				B2000001000000000000000A /* AchievementBadge.swift */,
				B20000010000000000000009 /* CheckerItem.swift */,
				B2000001000000000000000B /* MotivationalBanner.swift */,
				B20000010000000000000005 /* PreviewData.swift */,
				B20000010000000000000006 /* ProgressBar.swift */,
				B20000010000000000000007 /* RatingBadge.swift */,
				B2000001000000000000000C /* SkillCard.swift */,
				B20000010000000000000008 /* SparklineChart.swift */,
			);
			path = Components;
			sourceTree = "<group>";
		};
		A70000010000000000000032 /* Extensions */ = {
			isa = PBXGroup;
			children = (
				B20000010000000000000001 /* Color+Hex.swift */,
			);
			path = Extensions;
			sourceTree = "<group>";
		};
		A70000010000000000000033 /* Utilities */ = {
			isa = PBXGroup;
			children = (
			);
			path = Utilities;
			sourceTree = "<group>";
		};
		A70000010000000000000050 /* Data */ = {
			isa = PBXGroup;
			children = (
				A70000010000000000000060 /* CoreData */,
				A70000010000000000000061 /* Repositories */,
			);
			path = Data;
			sourceTree = "<group>";
		};
		A70000010000000000000060 /* CoreData */ = {
			isa = PBXGroup;
			children = (
				C20000010000000000000007 /* Dinko.xcdatamodeld */,
				D20000010000000000000001 /* Persistence.swift */,
				C20000010000000000000008 /* SkillEntity+Ext.swift */,
				C20000010000000000000009 /* ProgressCheckerEntity+Ext.swift */,
				C2000001000000000000000A /* SkillRatingEntity+Ext.swift */,
				C2000001000000000000000B /* SessionEntity+Ext.swift */,
			);
			path = CoreData;
			sourceTree = "<group>";
		};
		A70000010000000000000061 /* Repositories */ = {
			isa = PBXGroup;
			children = (
				C2000001000000000000000C /* SkillRepository.swift */,
				D20000010000000000000002 /* SkillRepositoryImpl.swift */,
				C2000001000000000000000D /* ProgressCheckerRepository.swift */,
				D20000010000000000000003 /* ProgressCheckerRepositoryImpl.swift */,
				C2000001000000000000000E /* SkillRatingRepository.swift */,
				D20000010000000000000004 /* SkillRatingRepositoryImpl.swift */,
				C2000001000000000000000F /* SessionRepository.swift */,
				D20000010000000000000005 /* SessionRepositoryImpl.swift */,
				D20000010000000000000006 /* DependencyContainer.swift */,
			);
			path = Repositories;
			sourceTree = "<group>";
		};
		A70000010000000000000070 /* Models */ = {
			isa = PBXGroup;
			children = (
				C20000010000000000000001 /* Skill.swift */,
				C20000010000000000000002 /* ProgressChecker.swift */,
				C20000010000000000000003 /* SkillRating.swift */,
				C20000010000000000000004 /* Session.swift */,
				C20000010000000000000005 /* SkillCategory.swift */,
				C20000010000000000000006 /* SkillStatus.swift */,
				I20000010000000000000001 /* SkillTier.swift */,
			);
			path = Models;
			sourceTree = "<group>";
		};
		A70000010000000000000080 /* Features */ = {
			isa = PBXGroup;
			children = (
				A70000010000000000000081 /* SkillList */,
				A70000010000000000000082 /* SkillDetail */,
				A70000010000000000000083 /* AddEditSkill */,
			);
			path = Features;
			sourceTree = "<group>";
		};
		A70000010000000000000081 /* SkillList */ = {
			isa = PBXGroup;
			children = (
				E20000010000000000000001 /* SkillListViewModel.swift */,
				E20000010000000000000002 /* SkillListView.swift */,
			);
			path = SkillList;
			sourceTree = "<group>";
		};
		A70000010000000000000082 /* SkillDetail */ = {
			isa = PBXGroup;
			children = (
				F20000010000000000000001 /* SkillDetailViewModel.swift */,
				F20000010000000000000002 /* SkillDetailView.swift */,
				H20000010000000000000001 /* RateSkillView.swift */,
			);
			path = SkillDetail;
			sourceTree = "<group>";
		};
		A70000010000000000000083 /* AddEditSkill */ = {
			isa = PBXGroup;
			children = (
				G20000010000000000000001 /* AddEditSkillViewModel.swift */,
				G20000010000000000000002 /* AddEditSkillView.swift */,
			);
			path = AddEditSkill;
			sourceTree = "<group>";
		};
/* End PBXGroup section */

/* Begin PBXNativeTarget section */
		A40000010000000000000001 /* Dinko */ = {
			isa = PBXNativeTarget;
			buildConfigurationList = A80000010000000000000001 /* Build configuration list for PBXNativeTarget "Dinko" */;
			buildPhases = (
				A90000010000000000000001 /* Sources */,
				A60000010000000000000001 /* Frameworks */,
				AA0000010000000000000001 /* Resources */,
			);
			buildRules = (
			);
			dependencies = (
			);
			name = Dinko;
			productName = Dinko;
			productReference = A20000010000000000000005 /* Dinko.app */;
			productType = "com.apple.product-type.application";
		};
		A40000010000000000000002 /* DinkoTests */ = {
			isa = PBXNativeTarget;
			buildConfigurationList = A80000010000000000000002 /* Build configuration list for PBXNativeTarget "DinkoTests" */;
			buildPhases = (
				A90000010000000000000002 /* Sources */,
				A60000010000000000000002 /* Frameworks */,
				AA0000010000000000000002 /* Resources */,
			);
			buildRules = (
			);
			dependencies = (
				AB0000010000000000000001 /* PBXTargetDependency */,
			);
			name = DinkoTests;
			productName = DinkoTests;
			productReference = A20000010000000000000011 /* DinkoTests.xctest */;
			productType = "com.apple.product-type.bundle.unit-test";
		};
		A40000010000000000000003 /* DinkoUITests */ = {
			isa = PBXNativeTarget;
			buildConfigurationList = A80000010000000000000003 /* Build configuration list for PBXNativeTarget "DinkoUITests" */;
			buildPhases = (
				A90000010000000000000003 /* Sources */,
				A60000010000000000000003 /* Frameworks */,
				AA0000010000000000000003 /* Resources */,
			);
			buildRules = (
			);
			dependencies = (
				AB0000010000000000000002 /* PBXTargetDependency */,
			);
			name = DinkoUITests;
			productName = DinkoUITests;
			productReference = A20000010000000000000022 /* DinkoUITests.xctest */;
			productType = "com.apple.product-type.bundle.ui-testing";
		};
/* End PBXNativeTarget section */

/* Begin PBXProject section */
		A50000010000000000000001 /* Project object */ = {
			isa = PBXProject;
			attributes = {
				BuildIndependentTargetsInParallel = 1;
				LastSwiftUpdateCheck = 1500;
				LastUpgradeCheck = 1500;
				TargetAttributes = {
					A40000010000000000000001 = {
						CreatedOnToolsVersion = 15.0;
					};
					A40000010000000000000002 = {
						CreatedOnToolsVersion = 15.0;
						TestTargetID = A40000010000000000000001;
					};
					A40000010000000000000003 = {
						CreatedOnToolsVersion = 15.0;
						TestTargetID = A40000010000000000000001;
					};
				};
			};
			buildConfigurationList = A80000010000000000000004 /* Build configuration list for PBXProject "Dinko" */;
			compatibilityVersion = "Xcode 14.0";
			developmentRegion = en;
			hasScannedForEncodings = 0;
			knownRegions = (
				en,
				Base,
			);
			mainGroup = A70000010000000000000001 /* Root */;
			productRefGroup = A70000010000000000000005 /* Products */;
			projectDirPath = "";
			projectRoot = "";
			targets = (
				A40000010000000000000001 /* Dinko */,
				A40000010000000000000002 /* DinkoTests */,
				A40000010000000000000003 /* DinkoUITests */,
			);
		};
/* End PBXProject section */

/* Begin PBXResourcesBuildPhase section */
		AA0000010000000000000001 /* Resources */ = {
			isa = PBXResourcesBuildPhase;
			buildActionMask = 2147483647;
			files = (
				A10000010000000000000004 /* Preview Assets.xcassets in Resources */,
				A10000010000000000000003 /* Assets.xcassets in Resources */,
			);
			runOnlyForDeploymentPostprocessing = 0;
		};
		AA0000010000000000000002 /* Resources */ = {
			isa = PBXResourcesBuildPhase;
			buildActionMask = 2147483647;
			files = (
			);
			runOnlyForDeploymentPostprocessing = 0;
		};
		AA0000010000000000000003 /* Resources */ = {
			isa = PBXResourcesBuildPhase;
			buildActionMask = 2147483647;
			files = (
			);
			runOnlyForDeploymentPostprocessing = 0;
		};
/* End PBXResourcesBuildPhase section */

/* Begin PBXSourcesBuildPhase section */
		A90000010000000000000001 /* Sources */ = {
			isa = PBXSourcesBuildPhase;
			buildActionMask = 2147483647;
			files = (
				A10000010000000000000001 /* DinkoApp.swift in Sources */,
				A10000010000000000000002 /* ContentView.swift in Sources */,
				B10000010000000000000001 /* Color+Hex.swift in Sources */,
				B10000010000000000000002 /* Colors.swift in Sources */,
				B10000010000000000000003 /* Typography.swift in Sources */,
				B10000010000000000000004 /* Spacing.swift in Sources */,
				B10000010000000000000005 /* PreviewData.swift in Sources */,
				B10000010000000000000006 /* ProgressBar.swift in Sources */,
				B10000010000000000000007 /* RatingBadge.swift in Sources */,
				B10000010000000000000008 /* SparklineChart.swift in Sources */,
				B10000010000000000000009 /* CheckerItem.swift in Sources */,
				B1000001000000000000000A /* AchievementBadge.swift in Sources */,
				B1000001000000000000000B /* MotivationalBanner.swift in Sources */,
				B1000001000000000000000C /* SkillCard.swift in Sources */,
				C10000010000000000000001 /* Skill.swift in Sources */,
				C10000010000000000000002 /* ProgressChecker.swift in Sources */,
				C10000010000000000000003 /* SkillRating.swift in Sources */,
				C10000010000000000000004 /* Session.swift in Sources */,
				C10000010000000000000005 /* SkillCategory.swift in Sources */,
				C10000010000000000000006 /* SkillStatus.swift in Sources */,
				C10000010000000000000007 /* Dinko.xcdatamodeld in Sources */,
				C10000010000000000000008 /* SkillEntity+Ext.swift in Sources */,
				C10000010000000000000009 /* ProgressCheckerEntity+Ext.swift in Sources */,
				C1000001000000000000000A /* SkillRatingEntity+Ext.swift in Sources */,
				C1000001000000000000000B /* SessionEntity+Ext.swift in Sources */,
				C1000001000000000000000C /* SkillRepository.swift in Sources */,
				C1000001000000000000000D /* ProgressCheckerRepository.swift in Sources */,
				C1000001000000000000000E /* SkillRatingRepository.swift in Sources */,
				C1000001000000000000000F /* SessionRepository.swift in Sources */,
				D10000010000000000000001 /* Persistence.swift in Sources */,
				D10000010000000000000002 /* SkillRepositoryImpl.swift in Sources */,
				D10000010000000000000003 /* ProgressCheckerRepositoryImpl.swift in Sources */,
				D10000010000000000000004 /* SkillRatingRepositoryImpl.swift in Sources */,
				D10000010000000000000005 /* SessionRepositoryImpl.swift in Sources */,
				D10000010000000000000006 /* DependencyContainer.swift in Sources */,
				E10000010000000000000001 /* SkillListViewModel.swift in Sources */,
				E10000010000000000000002 /* SkillListView.swift in Sources */,
				F10000010000000000000001 /* SkillDetailViewModel.swift in Sources */,
				F10000010000000000000002 /* SkillDetailView.swift in Sources */,
				G10000010000000000000001 /* AddEditSkillViewModel.swift in Sources */,
				G10000010000000000000002 /* AddEditSkillView.swift in Sources */,
				H10000010000000000000001 /* RateSkillView.swift in Sources */,
				I10000010000000000000001 /* SkillTier.swift in Sources */,
			);
			runOnlyForDeploymentPostprocessing = 0;
		};
		A90000010000000000000002 /* Sources */ = {
			isa = PBXSourcesBuildPhase;
			buildActionMask = 2147483647;
			files = (
				A10000010000000000000010 /* DinkoTests.swift in Sources */,
				D10000010000000000000010 /* SkillRepositoryTests.swift in Sources */,
				D10000010000000000000011 /* ProgressCheckerRepositoryTests.swift in Sources */,
			);
			runOnlyForDeploymentPostprocessing = 0;
		};
		A90000010000000000000003 /* Sources */ = {
			isa = PBXSourcesBuildPhase;
			buildActionMask = 2147483647;
			files = (
				A10000010000000000000020 /* DinkoUITests.swift in Sources */,
				A10000010000000000000021 /* DinkoUITestsLaunchTests.swift in Sources */,
			);
			runOnlyForDeploymentPostprocessing = 0;
		};
/* End PBXSourcesBuildPhase section */

/* Begin PBXTargetDependency section */
		AB0000010000000000000001 /* PBXTargetDependency */ = {
			isa = PBXTargetDependency;
			target = A40000010000000000000001 /* Dinko */;
			targetProxy = A30000010000000000000001 /* PBXContainerItemProxy */;
		};
		AB0000010000000000000002 /* PBXTargetDependency */ = {
			isa = PBXTargetDependency;
			target = A40000010000000000000001 /* Dinko */;
			targetProxy = A30000010000000000000002 /* PBXContainerItemProxy */;
		};
/* End PBXTargetDependency section */

/* Begin XCBuildConfiguration section */
		AC0000010000000000000001 /* Debug */ = {
			isa = XCBuildConfiguration;
			buildSettings = {
				ALWAYS_SEARCH_USER_PATHS = NO;
				ASSETCATALOG_COMPILER_GENERATE_SWIFT_ASSET_SYMBOL_EXTENSIONS = YES;
				CLANG_ANALYZER_NONNULL = YES;
				CLANG_ANALYZER_NUMBER_OBJECT_CONVERSION = YES_AGGRESSIVE;
				CLANG_CXX_LANGUAGE_STANDARD = "gnu++20";
				CLANG_ENABLE_MODULES = YES;
				CLANG_ENABLE_OBJC_ARC = YES;
				CLANG_ENABLE_OBJC_WEAK = YES;
				CLANG_WARN_BLOCK_CAPTURE_AUTORELEASING = YES;
				CLANG_WARN_BOOL_CONVERSION = YES;
				CLANG_WARN_COMMA = YES;
				CLANG_WARN_CONSTANT_CONVERSION = YES;
				CLANG_WARN_DEPRECATED_OBJC_IMPLEMENTATIONS = YES;
				CLANG_WARN_DIRECT_OBJC_ISA_USAGE = YES_ERROR;
				CLANG_WARN_DOCUMENTATION_COMMENTS = YES;
				CLANG_WARN_EMPTY_BODY = YES;
				CLANG_WARN_ENUM_CONVERSION = YES;
				CLANG_WARN_INFINITE_RECURSION = YES;
				CLANG_WARN_INT_CONVERSION = YES;
				CLANG_WARN_NON_LITERAL_NULL_CONVERSION = YES;
				CLANG_WARN_OBJC_IMPLICIT_RETAIN_SELF = YES;
				CLANG_WARN_OBJC_LITERAL_CONVERSION = YES;
				CLANG_WARN_OBJC_ROOT_CLASS = YES_ERROR;
				CLANG_WARN_QUOTED_INCLUDE_IN_FRAMEWORK_HEADER = YES;
				CLANG_WARN_RANGE_LOOP_ANALYSIS = YES;
				CLANG_WARN_STRICT_PROTOTYPES = YES;
				CLANG_WARN_SUSPICIOUS_MOVE = YES;
				CLANG_WARN_UNGUARDED_AVAILABILITY = YES_AGGRESSIVE;
				CLANG_WARN_UNREACHABLE_CODE = YES;
				CLANG_WARN__DUPLICATE_METHOD_MATCH = YES;
				COPY_PHASE_STRIP = NO;
				DEBUG_INFORMATION_FORMAT = dwarf;
				ENABLE_STRICT_OBJC_MSGSEND = YES;
				ENABLE_TESTABILITY = YES;
				ENABLE_USER_SCRIPT_SANDBOXING = YES;
				GCC_C_LANGUAGE_STANDARD = gnu17;
				GCC_DYNAMIC_NO_PIC = NO;
				GCC_NO_COMMON_BLOCKS = YES;
				GCC_OPTIMIZATION_LEVEL = 0;
				GCC_PREPROCESSOR_DEFINITIONS = (
					"DEBUG=1",
					"$(inherited)",
				);
				GCC_WARN_64_TO_32_BIT_CONVERSION = YES;
				GCC_WARN_ABOUT_RETURN_TYPE = YES_ERROR;
				GCC_WARN_UNDECLARED_SELECTOR = YES;
				GCC_WARN_UNINITIALIZED_AUTOS = YES_AGGRESSIVE;
				GCC_WARN_UNUSED_FUNCTION = YES;
				GCC_WARN_UNUSED_VARIABLE = YES;
				IPHONEOS_DEPLOYMENT_TARGET = 17.0;
				LOCALIZATION_PREFERS_STRING_CATALOGS = YES;
				MTL_ENABLE_DEBUG_INFO = INCLUDE_SOURCE;
				MTL_FAST_MATH = YES;
				ONLY_ACTIVE_ARCH = YES;
				SDKROOT = iphoneos;
				SWIFT_ACTIVE_COMPILATION_CONDITIONS = "DEBUG $(inherited)";
				SWIFT_OPTIMIZATION_LEVEL = "-Onone";
			};
			name = Debug;
		};
		AC0000010000000000000002 /* Release */ = {
			isa = XCBuildConfiguration;
			buildSettings = {
				ALWAYS_SEARCH_USER_PATHS = NO;
				ASSETCATALOG_COMPILER_GENERATE_SWIFT_ASSET_SYMBOL_EXTENSIONS = YES;
				CLANG_ANALYZER_NONNULL = YES;
				CLANG_ANALYZER_NUMBER_OBJECT_CONVERSION = YES_AGGRESSIVE;
				CLANG_CXX_LANGUAGE_STANDARD = "gnu++20";
				CLANG_ENABLE_MODULES = YES;
				CLANG_ENABLE_OBJC_ARC = YES;
				CLANG_ENABLE_OBJC_WEAK = YES;
				CLANG_WARN_BLOCK_CAPTURE_AUTORELEASING = YES;
				CLANG_WARN_BOOL_CONVERSION = YES;
				CLANG_WARN_COMMA = YES;
				CLANG_WARN_CONSTANT_CONVERSION = YES;
				CLANG_WARN_DEPRECATED_OBJC_IMPLEMENTATIONS = YES;
				CLANG_WARN_DIRECT_OBJC_ISA_USAGE = YES_ERROR;
				CLANG_WARN_DOCUMENTATION_COMMENTS = YES;
				CLANG_WARN_EMPTY_BODY = YES;
				CLANG_WARN_ENUM_CONVERSION = YES;
				CLANG_WARN_INFINITE_RECURSION = YES;
				CLANG_WARN_INT_CONVERSION = YES;
				CLANG_WARN_NON_LITERAL_NULL_CONVERSION = YES;
				CLANG_WARN_OBJC_IMPLICIT_RETAIN_SELF = YES;
				CLANG_WARN_OBJC_LITERAL_CONVERSION = YES;
				CLANG_WARN_OBJC_ROOT_CLASS = YES_ERROR;
				CLANG_WARN_QUOTED_INCLUDE_IN_FRAMEWORK_HEADER = YES;
				CLANG_WARN_RANGE_LOOP_ANALYSIS = YES;
				CLANG_WARN_STRICT_PROTOTYPES = YES;
				CLANG_WARN_SUSPICIOUS_MOVE = YES;
				CLANG_WARN_UNGUARDED_AVAILABILITY = YES_AGGRESSIVE;
				CLANG_WARN_UNREACHABLE_CODE = YES;
				CLANG_WARN__DUPLICATE_METHOD_MATCH = YES;
				COPY_PHASE_STRIP = NO;
				DEBUG_INFORMATION_FORMAT = "dwarf-with-dsym";
				ENABLE_NS_ASSERTIONS = NO;
				ENABLE_STRICT_OBJC_MSGSEND = YES;
				ENABLE_USER_SCRIPT_SANDBOXING = YES;
				GCC_C_LANGUAGE_STANDARD = gnu17;
				GCC_NO_COMMON_BLOCKS = YES;
				GCC_WARN_64_TO_32_BIT_CONVERSION = YES;
				GCC_WARN_ABOUT_RETURN_TYPE = YES_ERROR;
				GCC_WARN_UNDECLARED_SELECTOR = YES;
				GCC_WARN_UNINITIALIZED_AUTOS = YES_AGGRESSIVE;
				GCC_WARN_UNUSED_FUNCTION = YES;
				GCC_WARN_UNUSED_VARIABLE = YES;
				IPHONEOS_DEPLOYMENT_TARGET = 17.0;
				LOCALIZATION_PREFERS_STRING_CATALOGS = YES;
				MTL_ENABLE_DEBUG_INFO = NO;
				MTL_FAST_MATH = YES;
				SDKROOT = iphoneos;
				SWIFT_COMPILATION_MODE = wholemodule;
				VALIDATE_PRODUCT = YES;
			};
			name = Release;
		};
		AC0000010000000000000003 /* Debug */ = {
			isa = XCBuildConfiguration;
			buildSettings = {
				ASSETCATALOG_COMPILER_APPICON_NAME = AppIcon;
				ASSETCATALOG_COMPILER_GLOBAL_ACCENT_COLOR_NAME = AccentColor;
				CODE_SIGN_STYLE = Automatic;
				CURRENT_PROJECT_VERSION = 1;
				DEVELOPMENT_ASSET_PATHS = "\"Dinko/Preview Content\"";
				ENABLE_PREVIEWS = YES;
				GENERATE_INFOPLIST_FILE = YES;
				INFOPLIST_KEY_UIApplicationSceneManifest_Generation = YES;
				INFOPLIST_KEY_UIApplicationSupportsIndirectInputEvents = YES;
				INFOPLIST_KEY_UILaunchScreen_Generation = YES;
				INFOPLIST_KEY_UISupportedInterfaceOrientations_iPad = "UIInterfaceOrientationPortrait UIInterfaceOrientationPortraitUpsideDown UIInterfaceOrientationLandscapeLeft UIInterfaceOrientationLandscapeRight";
				INFOPLIST_KEY_UISupportedInterfaceOrientations_iPhone = "UIInterfaceOrientationPortrait UIInterfaceOrientationLandscapeLeft UIInterfaceOrientationLandscapeRight";
				LD_RUNPATH_SEARCH_PATHS = (
					"$(inherited)",
					"@executable_path/Frameworks",
				);
				MARKETING_VERSION = 1.0;
				PRODUCT_BUNDLE_IDENTIFIER = com.dinko.app;
				PRODUCT_NAME = "$(TARGET_NAME)";
				SWIFT_EMIT_LOC_STRINGS = YES;
				SWIFT_VERSION = 5.0;
				TARGETED_DEVICE_FAMILY = "1,2";
			};
			name = Debug;
		};
		AC0000010000000000000004 /* Release */ = {
			isa = XCBuildConfiguration;
			buildSettings = {
				ASSETCATALOG_COMPILER_APPICON_NAME = AppIcon;
				ASSETCATALOG_COMPILER_GLOBAL_ACCENT_COLOR_NAME = AccentColor;
				CODE_SIGN_STYLE = Automatic;
				CURRENT_PROJECT_VERSION = 1;
				DEVELOPMENT_ASSET_PATHS = "\"Dinko/Preview Content\"";
				ENABLE_PREVIEWS = YES;
				GENERATE_INFOPLIST_FILE = YES;
				INFOPLIST_KEY_UIApplicationSceneManifest_Generation = YES;
				INFOPLIST_KEY_UIApplicationSupportsIndirectInputEvents = YES;
				INFOPLIST_KEY_UILaunchScreen_Generation = YES;
				INFOPLIST_KEY_UISupportedInterfaceOrientations_iPad = "UIInterfaceOrientationPortrait UIInterfaceOrientationPortraitUpsideDown UIInterfaceOrientationLandscapeLeft UIInterfaceOrientationLandscapeRight";
				INFOPLIST_KEY_UISupportedInterfaceOrientations_iPhone = "UIInterfaceOrientationPortrait UIInterfaceOrientationLandscapeLeft UIInterfaceOrientationLandscapeRight";
				LD_RUNPATH_SEARCH_PATHS = (
					"$(inherited)",
					"@executable_path/Frameworks",
				);
				MARKETING_VERSION = 1.0;
				PRODUCT_BUNDLE_IDENTIFIER = com.dinko.app;
				PRODUCT_NAME = "$(TARGET_NAME)";
				SWIFT_EMIT_LOC_STRINGS = YES;
				SWIFT_VERSION = 5.0;
				TARGETED_DEVICE_FAMILY = "1,2";
			};
			name = Release;
		};
		AC0000010000000000000005 /* Debug */ = {
			isa = XCBuildConfiguration;
			buildSettings = {
				BUNDLE_LOADER = "$(TEST_HOST)";
				CODE_SIGN_STYLE = Automatic;
				CURRENT_PROJECT_VERSION = 1;
				GENERATE_INFOPLIST_FILE = YES;
				IPHONEOS_DEPLOYMENT_TARGET = 17.0;
				MARKETING_VERSION = 1.0;
				PRODUCT_BUNDLE_IDENTIFIER = com.dinko.app.DinkoTests;
				PRODUCT_NAME = "$(TARGET_NAME)";
				SWIFT_EMIT_LOC_STRINGS = NO;
				SWIFT_VERSION = 5.0;
				TARGETED_DEVICE_FAMILY = "1,2";
				TEST_HOST = "$(BUILT_PRODUCTS_DIR)/Dinko.app/$(BUNDLE_EXECUTABLE_FOLDER_PATH)/Dinko";
			};
			name = Debug;
		};
		AC0000010000000000000006 /* Release */ = {
			isa = XCBuildConfiguration;
			buildSettings = {
				BUNDLE_LOADER = "$(TEST_HOST)";
				CODE_SIGN_STYLE = Automatic;
				CURRENT_PROJECT_VERSION = 1;
				GENERATE_INFOPLIST_FILE = YES;
				IPHONEOS_DEPLOYMENT_TARGET = 17.0;
				MARKETING_VERSION = 1.0;
				PRODUCT_BUNDLE_IDENTIFIER = com.dinko.app.DinkoTests;
				PRODUCT_NAME = "$(TARGET_NAME)";
				SWIFT_EMIT_LOC_STRINGS = NO;
				SWIFT_VERSION = 5.0;
				TARGETED_DEVICE_FAMILY = "1,2";
				TEST_HOST = "$(BUILT_PRODUCTS_DIR)/Dinko.app/$(BUNDLE_EXECUTABLE_FOLDER_PATH)/Dinko";
			};
			name = Release;
		};
		AC0000010000000000000007 /* Debug */ = {
			isa = XCBuildConfiguration;
			buildSettings = {
				CODE_SIGN_STYLE = Automatic;
				CURRENT_PROJECT_VERSION = 1;
				GENERATE_INFOPLIST_FILE = YES;
				MARKETING_VERSION = 1.0;
				PRODUCT_BUNDLE_IDENTIFIER = com.dinko.app.DinkoUITests;
				PRODUCT_NAME = "$(TARGET_NAME)";
				SWIFT_EMIT_LOC_STRINGS = NO;
				SWIFT_VERSION = 5.0;
				TARGETED_DEVICE_FAMILY = "1,2";
				TEST_HOST = "$(BUILT_PRODUCTS_DIR)/Dinko.app/$(BUNDLE_EXECUTABLE_FOLDER_PATH)/Dinko";
			};
			name = Debug;
		};
		AC0000010000000000000008 /* Release */ = {
			isa = XCBuildConfiguration;
			buildSettings = {
				CODE_SIGN_STYLE = Automatic;
				CURRENT_PROJECT_VERSION = 1;
				GENERATE_INFOPLIST_FILE = YES;
				MARKETING_VERSION = 1.0;
				PRODUCT_BUNDLE_IDENTIFIER = com.dinko.app.DinkoUITests;
				PRODUCT_NAME = "$(TARGET_NAME)";
				SWIFT_EMIT_LOC_STRINGS = NO;
				SWIFT_VERSION = 5.0;
				TARGETED_DEVICE_FAMILY = "1,2";
				TEST_HOST = "$(BUILT_PRODUCTS_DIR)/Dinko.app/$(BUNDLE_EXECUTABLE_FOLDER_PATH)/Dinko";
			};
			name = Release;
		};
/* End XCBuildConfiguration section */

/* Begin XCConfigurationList section */
		A80000010000000000000004 /* Build configuration list for PBXProject "Dinko" */ = {
			isa = XCConfigurationList;
			buildConfigurations = (
				AC0000010000000000000001 /* Debug */,
				AC0000010000000000000002 /* Release */,
			);
			defaultConfigurationIsVisible = 0;
			defaultConfigurationName = Release;
		};
		A80000010000000000000001 /* Build configuration list for PBXNativeTarget "Dinko" */ = {
			isa = XCConfigurationList;
			buildConfigurations = (
				AC0000010000000000000003 /* Debug */,
				AC0000010000000000000004 /* Release */,
			);
			defaultConfigurationIsVisible = 0;
			defaultConfigurationName = Release;
		};
		A80000010000000000000002 /* Build configuration list for PBXNativeTarget "DinkoTests" */ = {
			isa = XCConfigurationList;
			buildConfigurations = (
				AC0000010000000000000005 /* Debug */,
				AC0000010000000000000006 /* Release */,
			);
			defaultConfigurationIsVisible = 0;
			defaultConfigurationName = Release;
		};
		A80000010000000000000003 /* Build configuration list for PBXNativeTarget "DinkoUITests" */ = {
			isa = XCConfigurationList;
			buildConfigurations = (
				AC0000010000000000000007 /* Debug */,
				AC0000010000000000000008 /* Release */,
			);
			defaultConfigurationIsVisible = 0;
			defaultConfigurationName = Release;
		};
/* End XCConfigurationList section */

	};
	rootObject = A50000010000000000000001 /* Project object */;
}
